{
  "name": "newbot-botui",
  "version": "1.0.0",
  "lockfileVersion": 1,
  "requires": true,
  "dependencies": {
    "botui": {
      "version": "0.3.6",
      "resolved": "https://registry.npmjs.org/botui/-/botui-0.3.6.tgz",
      "integrity": "sha512-i47YoPLuhcwMn7/j42a/Bdgdz5410MH78P/Q5i88odwj9nvo4LtX4vIt1K5d9Oz6qCsUoEDJmlaFk4Y4W/XxCA=="
    }
  }
}
